
Microsoft Visual Studio Solution File, Format Version 12.00
# Visual Studio Version 17
VisualStudioVersion = 17.5.002.0
MinimumVisualStudioVersion = 10.0.40219.1
Project("{9A19103F-16F7-4668-BE54-9A1E7A4F7556}") = "vehicleChart", "vehicleChart.csproj", "{35D6D5F3-21D1-45D8-82D9-D2F37D082066}"
EndProject
Global
	GlobalSection(SolutionConfigurationPlatforms) = preSolution
		Debug|Any CPU = Debug|Any CPU
		Release|Any CPU = Release|Any CPU
	EndGlobalSection
	GlobalSection(ProjectConfigurationPlatforms) = postSolution
		{35D6D5F3-21D1-45D8-82D9-D2F37D082066}.Debug|Any CPU.ActiveCfg = Debug|Any CPU
		{35D6D5F3-21D1-45D8-82D9-D2F37D082066}.Debug|Any CPU.Build.0 = Debug|Any CPU
		{35D6D5F3-21D1-45D8-82D9-D2F37D082066}.Release|Any CPU.ActiveCfg = Release|Any CPU
		{35D6D5F3-21D1-45D8-82D9-D2F37D082066}.Release|Any CPU.Build.0 = Release|Any CPU
	EndGlobalSection
	GlobalSection(SolutionProperties) = preSolution
		HideSolutionNode = FALSE
	EndGlobalSection
	GlobalSection(ExtensibilityGlobals) = postSolution
		SolutionGuid = {4B4AC397-AAB7-4C79-92DB-D23CDB3D6A4E}
	EndGlobalSection
EndGlobal
